
Microsoft Visual Studio Solution File, Format Version 12.00
# Visual Studio 14
VisualStudioVersion = 14.0.25420.1
MinimumVisualStudioVersion = 10.0.40219.1
Project("{FAE04EC0-301F-11D3-BF4B-00C04F79EFBC}") = "02_BaseN_Base10", "02_BaseN_Base10\02_BaseN_Base10.csproj", "{95DCD26E-82CE-4CEA-9460-81DA9B290C73}"
EndProject
Global
	GlobalSection(SolutionConfigurationPlatforms) = preSolution
		Debug|Any CPU = Debug|Any CPU
		Release|Any CPU = Release|Any CPU
	EndGlobalSection
	GlobalSection(ProjectConfigurationPlatforms) = postSolution
		{95DCD26E-82CE-4CEA-9460-81DA9B290C73}.Debug|Any CPU.ActiveCfg = Debug|Any CPU
		{95DCD26E-82CE-4CEA-9460-81DA9B290C73}.Debug|Any CPU.Build.0 = Debug|Any CPU
		{95DCD26E-82CE-4CEA-9460-81DA9B290C73}.Release|Any CPU.ActiveCfg = Release|Any CPU
		{95DCD26E-82CE-4CEA-9460-81DA9B290C73}.Release|Any CPU.Build.0 = Release|Any CPU
	EndGlobalSection
	GlobalSection(SolutionProperties) = preSolution
		HideSolutionNode = FALSE
	EndGlobalSection
EndGlobal
